
Microsoft Visual Studio Solution File, Format Version 12.00
# Visual Studio Version 17
VisualStudioVersion = 17.7.34221.43
MinimumVisualStudioVersion = 10.0.40219.1
Project("{9A19103F-16F7-4668-BE54-9A1E7A4F7556}") = "NineteenSevenFour.Testing.Core", "NineteenSevenFour.Testing.Core\NineteenSevenFour.Testing.Core.csproj", "{C704AAC5-0827-4D3B-A08C-A3EE95C22701}"
EndProject
Project("{9A19103F-16F7-4668-BE54-9A1E7A4F7556}") = "NineteenSevenFour.Testing.FluentBogus", "NineteenSevenFour.Testing.FluentBogus\NineteenSevenFour.Testing.FluentBogus.csproj", "{4228B028-9D94-4FF3-9073-EDAA9DAA6070}"
EndProject
Project("{9A19103F-16F7-4668-BE54-9A1E7A4F7556}") = "NineteenSevenFour.Testing.FluentBogus.UnitTest", "NineteenSevenFour.Testing.FluentBogus.UnitTest\NineteenSevenFour.Testing.FluentBogus.UnitTest.csproj", "{EB94A4F9-6A0D-42E6-85E1-616C2BEB6FE6}"
EndProject
Project("{9A19103F-16F7-4668-BE54-9A1E7A4F7556}") = "NineteenSevenFour.Testing.FluentBogus.AutoMapper", "NineteenSevenFour.Testing.FluentBogus.AutoMapper\NineteenSevenFour.Testing.FluentBogus.AutoMapper.csproj", "{29A21581-2AE7-4C4D-8863-5AB54207B14C}"
EndProject
Project("{2150E333-8FDC-42A3-9474-1A3956D46DE8}") = "Solution Items", "Solution Items", "{52E6E30B-1652-41D5-AAC7-46B25E2BAD29}"
	ProjectSection(SolutionItems) = preProject
		.editorconfig = .editorconfig
		.gitignore = .gitignore
		CODE_OF_CONDUCT.md = CODE_OF_CONDUCT.md
		CONTRIBUTING.md = CONTRIBUTING.md
		LICENSE = LICENSE
		NineteenFourSeven_logo.ico = NineteenFourSeven_logo.ico
		nineteensevenfour-public.snk = nineteensevenfour-public.snk
		NuGet.Config = NuGet.Config
		README.md = README.md
		SECURITY.md = SECURITY.md
	EndProjectSection
EndProject
Project("{9A19103F-16F7-4668-BE54-9A1E7A4F7556}") = "NineteenSevenFour.Testing.FluentBogus.Relation", "NineteenSevenFour.Testing.FluentBogus.Relation\NineteenSevenFour.Testing.FluentBogus.Relation.csproj", "{F166FB6C-61D4-4175-A9AE-EDFDC871F809}"
EndProject
Project("{9A19103F-16F7-4668-BE54-9A1E7A4F7556}") = "NineteenSevenFour.Testing.FluentBogus.Relation.UnitTest", "NineteenSevenFour.Testing.FluentBogus.Relation.UnitTest\NineteenSevenFour.Testing.FluentBogus.Relation.UnitTest.csproj", "{75EF8FFC-2B93-42A0-9510-EDE3107E93E6}"
EndProject
Project("{9A19103F-16F7-4668-BE54-9A1E7A4F7556}") = "NineteenSevenFour.Testing.FluentBogus.AutoMapper.UnitTest", "NineteenSevenFour.Testing.FluentBogus.AutoMapper.UnitTest\NineteenSevenFour.Testing.FluentBogus.AutoMapper.UnitTest.csproj", "{B2359040-B209-45FC-B270-C34153CC7958}"
EndProject
Project("{2150E333-8FDC-42A3-9474-1A3956D46DE8}") = "UnitTest", "UnitTest", "{4A8C8D19-7F71-4DAB-98A7-240677806E2F}"
EndProject
Project("{2150E333-8FDC-42A3-9474-1A3956D46DE8}") = "Packages", "Packages", "{EDCAE64E-4595-4C3F-BED5-6ED4EB2CDC65}"
EndProject
Project("{9A19103F-16F7-4668-BE54-9A1E7A4F7556}") = "NineteenSevenFour.Testing.Core.UnitTest", "NineteenSevenFour.Testing.Core.UnitTest\NineteenSevenFour.Testing.Core.UnitTest.csproj", "{B6725983-8A75-47A0-9E3C-6384462D71B9}"
EndProject
Project("{9A19103F-16F7-4668-BE54-9A1E7A4F7556}") = "NineteenSevenFour.Testing.Example.Domain", "NineteenSevenFour.Testing.Example.Domain\NineteenSevenFour.Testing.Example.Domain.csproj", "{3F210157-DEAB-49A6-9802-95D28C00BAE4}"
EndProject
Project("{2150E333-8FDC-42A3-9474-1A3956D46DE8}") = "Example", "Example", "{67204806-B010-462A-9D7D-93F30EECFF05}"
EndProject
Project("{2150E333-8FDC-42A3-9474-1A3956D46DE8}") = "github", "github", "{695DA14E-36EB-4E0B-B67D-5A5C91E7A2E0}"
EndProject
Project("{2150E333-8FDC-42A3-9474-1A3956D46DE8}") = "workflows", "workflows", "{BA8E8737-F401-4D11-B1D6-954C2DD780C8}"
	ProjectSection(SolutionItems) = preProject
		.github\workflows\ci.yaml = .github\workflows\ci.yaml
	EndProjectSection
EndProject
Project("{2150E333-8FDC-42A3-9474-1A3956D46DE8}") = "ISSUE_TEMPLATE", "ISSUE_TEMPLATE", "{E0C99DA3-53D8-417A-933B-D7C50ECFB9EE}"
	ProjectSection(SolutionItems) = preProject
		.github\ISSUE_TEMPLATE\bug_report.md = .github\ISSUE_TEMPLATE\bug_report.md
		.github\ISSUE_TEMPLATE\feature_request.md = .github\ISSUE_TEMPLATE\feature_request.md
	EndProjectSection
EndProject
Global
	GlobalSection(SolutionConfigurationPlatforms) = preSolution
		Debug|Any CPU = Debug|Any CPU
		Release|Any CPU = Release|Any CPU
	EndGlobalSection
	GlobalSection(ProjectConfigurationPlatforms) = postSolution
		{C704AAC5-0827-4D3B-A08C-A3EE95C22701}.Debug|Any CPU.ActiveCfg = Debug|Any CPU
		{C704AAC5-0827-4D3B-A08C-A3EE95C22701}.Debug|Any CPU.Build.0 = Debug|Any CPU
		{C704AAC5-0827-4D3B-A08C-A3EE95C22701}.Release|Any CPU.ActiveCfg = Release|Any CPU
		{C704AAC5-0827-4D3B-A08C-A3EE95C22701}.Release|Any CPU.Build.0 = Release|Any CPU
		{4228B028-9D94-4FF3-9073-EDAA9DAA6070}.Debug|Any CPU.ActiveCfg = Debug|Any CPU
		{4228B028-9D94-4FF3-9073-EDAA9DAA6070}.Debug|Any CPU.Build.0 = Debug|Any CPU
		{4228B028-9D94-4FF3-9073-EDAA9DAA6070}.Release|Any CPU.ActiveCfg = Release|Any CPU
		{4228B028-9D94-4FF3-9073-EDAA9DAA6070}.Release|Any CPU.Build.0 = Release|Any CPU
		{EB94A4F9-6A0D-42E6-85E1-616C2BEB6FE6}.Debug|Any CPU.ActiveCfg = Debug|Any CPU
		{EB94A4F9-6A0D-42E6-85E1-616C2BEB6FE6}.Debug|Any CPU.Build.0 = Debug|Any CPU
		{EB94A4F9-6A0D-42E6-85E1-616C2BEB6FE6}.Release|Any CPU.ActiveCfg = Release|Any CPU
		{EB94A4F9-6A0D-42E6-85E1-616C2BEB6FE6}.Release|Any CPU.Build.0 = Release|Any CPU
		{29A21581-2AE7-4C4D-8863-5AB54207B14C}.Debug|Any CPU.ActiveCfg = Debug|Any CPU
		{29A21581-2AE7-4C4D-8863-5AB54207B14C}.Debug|Any CPU.Build.0 = Debug|Any CPU
		{29A21581-2AE7-4C4D-8863-5AB54207B14C}.Release|Any CPU.ActiveCfg = Release|Any CPU
		{29A21581-2AE7-4C4D-8863-5AB54207B14C}.Release|Any CPU.Build.0 = Release|Any CPU
		{F166FB6C-61D4-4175-A9AE-EDFDC871F809}.Debug|Any CPU.ActiveCfg = Debug|Any CPU
		{F166FB6C-61D4-4175-A9AE-EDFDC871F809}.Debug|Any CPU.Build.0 = Debug|Any CPU
		{F166FB6C-61D4-4175-A9AE-EDFDC871F809}.Release|Any CPU.ActiveCfg = Release|Any CPU
		{F166FB6C-61D4-4175-A9AE-EDFDC871F809}.Release|Any CPU.Build.0 = Release|Any CPU
		{75EF8FFC-2B93-42A0-9510-EDE3107E93E6}.Debug|Any CPU.ActiveCfg = Debug|Any CPU
		{75EF8FFC-2B93-42A0-9510-EDE3107E93E6}.Debug|Any CPU.Build.0 = Debug|Any CPU
		{75EF8FFC-2B93-42A0-9510-EDE3107E93E6}.Release|Any CPU.ActiveCfg = Release|Any CPU
		{75EF8FFC-2B93-42A0-9510-EDE3107E93E6}.Release|Any CPU.Build.0 = Release|Any CPU
		{B2359040-B209-45FC-B270-C34153CC7958}.Debug|Any CPU.ActiveCfg = Debug|Any CPU
		{B2359040-B209-45FC-B270-C34153CC7958}.Debug|Any CPU.Build.0 = Debug|Any CPU
		{B2359040-B209-45FC-B270-C34153CC7958}.Release|Any CPU.ActiveCfg = Release|Any CPU
		{B2359040-B209-45FC-B270-C34153CC7958}.Release|Any CPU.Build.0 = Release|Any CPU
		{B6725983-8A75-47A0-9E3C-6384462D71B9}.Debug|Any CPU.ActiveCfg = Debug|Any CPU
		{B6725983-8A75-47A0-9E3C-6384462D71B9}.Debug|Any CPU.Build.0 = Debug|Any CPU
		{B6725983-8A75-47A0-9E3C-6384462D71B9}.Release|Any CPU.ActiveCfg = Release|Any CPU
		{B6725983-8A75-47A0-9E3C-6384462D71B9}.Release|Any CPU.Build.0 = Release|Any CPU
		{3F210157-DEAB-49A6-9802-95D28C00BAE4}.Debug|Any CPU.ActiveCfg = Debug|Any CPU
		{3F210157-DEAB-49A6-9802-95D28C00BAE4}.Debug|Any CPU.Build.0 = Debug|Any CPU
		{3F210157-DEAB-49A6-9802-95D28C00BAE4}.Release|Any CPU.ActiveCfg = Release|Any CPU
		{3F210157-DEAB-49A6-9802-95D28C00BAE4}.Release|Any CPU.Build.0 = Release|Any CPU
	EndGlobalSection
	GlobalSection(SolutionProperties) = preSolution
		HideSolutionNode = FALSE
	EndGlobalSection
	GlobalSection(NestedProjects) = preSolution
		{C704AAC5-0827-4D3B-A08C-A3EE95C22701} = {EDCAE64E-4595-4C3F-BED5-6ED4EB2CDC65}
		{4228B028-9D94-4FF3-9073-EDAA9DAA6070} = {EDCAE64E-4595-4C3F-BED5-6ED4EB2CDC65}
		{EB94A4F9-6A0D-42E6-85E1-616C2BEB6FE6} = {4A8C8D19-7F71-4DAB-98A7-240677806E2F}
		{29A21581-2AE7-4C4D-8863-5AB54207B14C} = {EDCAE64E-4595-4C3F-BED5-6ED4EB2CDC65}
		{F166FB6C-61D4-4175-A9AE-EDFDC871F809} = {EDCAE64E-4595-4C3F-BED5-6ED4EB2CDC65}
		{75EF8FFC-2B93-42A0-9510-EDE3107E93E6} = {4A8C8D19-7F71-4DAB-98A7-240677806E2F}
		{B2359040-B209-45FC-B270-C34153CC7958} = {4A8C8D19-7F71-4DAB-98A7-240677806E2F}
		{B6725983-8A75-47A0-9E3C-6384462D71B9} = {4A8C8D19-7F71-4DAB-98A7-240677806E2F}
		{3F210157-DEAB-49A6-9802-95D28C00BAE4} = {67204806-B010-462A-9D7D-93F30EECFF05}
		{695DA14E-36EB-4E0B-B67D-5A5C91E7A2E0} = {52E6E30B-1652-41D5-AAC7-46B25E2BAD29}
		{BA8E8737-F401-4D11-B1D6-954C2DD780C8} = {695DA14E-36EB-4E0B-B67D-5A5C91E7A2E0}
		{E0C99DA3-53D8-417A-933B-D7C50ECFB9EE} = {695DA14E-36EB-4E0B-B67D-5A5C91E7A2E0}
	EndGlobalSection
	GlobalSection(ExtensibilityGlobals) = postSolution
		SolutionGuid = {7AC5B6A3-E16F-4A48-92BF-4F5B7B19A033}
	EndGlobalSection
EndGlobal
